# This file was autogenerated by Stack.
# You should not edit this file by hand.
# For more information, please see the documentation at:
#   https://docs.haskellstack.org/en/stable/lock_files

packages: []
snapshots:
- completed:
    size: 609912
    url: https://raw.githubusercontent.com/commercialhaskell/stackage-snapshots/master/nightly/2022/6/12.yaml
    sha256: 6b6acb8bf2ef1c6a4cf7fdd3740e0c112bf1317155e1150c1170fc990ac45f26
  original: nightly-2022-06-12
